
Microsoft Visual Studio Solution File, Format Version 12.00
# Visual Studio Version 16
VisualStudioVersion = 16.0.30011.22
MinimumVisualStudioVersion = 10.0.40219.1
Project("{FAE04EC0-301F-11D3-BF4B-00C04F79EFBC}") = "ConsoleAppDecoratorModeration", "ConsoleAppDecoratorModeration\ConsoleAppDecoratorModeration.csproj", "{11E6BD5A-A328-4D8B-AE72-70A5F6AA5D90}"
EndProject
Global
	GlobalSection(SolutionConfigurationPlatforms) = preSolution
		Debug|Any CPU = Debug|Any CPU
		Release|Any CPU = Release|Any CPU
	EndGlobalSection
	GlobalSection(ProjectConfigurationPlatforms) = postSolution
		{11E6BD5A-A328-4D8B-AE72-70A5F6AA5D90}.Debug|Any CPU.ActiveCfg = Debug|Any CPU
		{11E6BD5A-A328-4D8B-AE72-70A5F6AA5D90}.Debug|Any CPU.Build.0 = Debug|Any CPU
		{11E6BD5A-A328-4D8B-AE72-70A5F6AA5D90}.Release|Any CPU.ActiveCfg = Release|Any CPU
		{11E6BD5A-A328-4D8B-AE72-70A5F6AA5D90}.Release|Any CPU.Build.0 = Release|Any CPU
	EndGlobalSection
	GlobalSection(SolutionProperties) = preSolution
		HideSolutionNode = FALSE
	EndGlobalSection
	GlobalSection(ExtensibilityGlobals) = postSolution
		SolutionGuid = {57EC3FCB-C655-42B8-A783-BAED8511254A}
	EndGlobalSection
EndGlobal
