
Microsoft Visual Studio Solution File, Format Version 12.00
# Visual Studio Version 16
VisualStudioVersion = 16.0.30011.22
MinimumVisualStudioVersion = 10.0.40219.1
Project("{FAE04EC0-301F-11D3-BF4B-00C04F79EFBC}") = "Explorer", "ConsoleApp1\Explorer.csproj", "{0B5B4D41-643F-4815-8226-A5D0353356A2}"
EndProject
Global
	GlobalSection(SolutionConfigurationPlatforms) = preSolution
		Debug|Any CPU = Debug|Any CPU
		Release|Any CPU = Release|Any CPU
	EndGlobalSection
	GlobalSection(ProjectConfigurationPlatforms) = postSolution
		{0B5B4D41-643F-4815-8226-A5D0353356A2}.Debug|Any CPU.ActiveCfg = Debug|Any CPU
		{0B5B4D41-643F-4815-8226-A5D0353356A2}.Debug|Any CPU.Build.0 = Debug|Any CPU
		{0B5B4D41-643F-4815-8226-A5D0353356A2}.Release|Any CPU.ActiveCfg = Release|Any CPU
		{0B5B4D41-643F-4815-8226-A5D0353356A2}.Release|Any CPU.Build.0 = Release|Any CPU
	EndGlobalSection
	GlobalSection(SolutionProperties) = preSolution
		HideSolutionNode = FALSE
	EndGlobalSection
	GlobalSection(ExtensibilityGlobals) = postSolution
		SolutionGuid = {40B78789-7EAF-430C-8463-55D3254D2881}
	EndGlobalSection
EndGlobal
